<?xml version="1.0" encoding="utf-8"?>
<Project ToolsVersion="4.0" xmlns="http://schemas.microsoft.com/developer/msbuild/2003">
  <ItemGroup>
    <Filter Include="Source Files">
      <UniqueIdentifier>{4FC737F1-C7A5-4376-A066-2A32D752A2FF}</UniqueIdentifier>
      <Extensions>cpp;c;cc;cxx;def;odl;idl;hpj;bat;asm;asmx</Extensions>
    </Filter>
    <Filter Include="Header Files">
      <UniqueIdentifier>{93995380-89BD-4b04-88EB-625FBE52EBFB}</UniqueIdentifier>
      <Extensions>h;hh;hpp;hxx;hm;inl;inc;ipp;xsd</Extensions>
    </Filter>
    <Filter Include="Resource Files">
      <UniqueIdentifier>{67DA6AB6-F800-4c08-8B7A-83BB121AAD01}</UniqueIdentifier>
      <Extensions>rc;ico;cur;bmp;dlg;rc2;rct;bin;rgs;gif;jpg;jpeg;jpe;resx;tiff;tif;png;wav;mfcribbon-ms</Extensions>
    </Filter>
    <Filter Include="Header Files\SDL">
      <UniqueIdentifier>{1ba0500b-4d5d-4f26-8962-b87871890337}</UniqueIdentifier>
    </Filter>
    <Filter Include="Source Files\SDL">
      <UniqueIdentifier>{ecc26821-c9d8-4258-aa58-7631bef50b95}</UniqueIdentifier>
    </Filter>
  </ItemGroup>
  <ItemGroup>
    <None Include="..\..\.gitignore" />
    <None Include="..\..\makefile" />
    <None Include="..\..\README.md" />
  </ItemGroup>
  <ItemGroup>
    <ClInclude Include="..\..\AppHost.h">
      <Filter>Header Files</Filter>
    </ClInclude>
    <ClInclude Include="..\..\Army.h">
      <Filter>Header Files</Filter>
    </ClInclude>
    <ClInclude Include="..\..\ArmyFactory.h">
      <Filter>Header Files</Filter>
    </ClInclude>
    <ClInclude Include="..\..\ArrangementStrategy.h">
      <Filter>Header Files</Filter>
    </ClInclude>
    <ClInclude Include="..\..\BattleMap.h">
      <Filter>Header Files</Filter>
    </ClInclude>
    <ClInclude Include="..\..\Faction.h">
      <Filter>Header Files</Filter>
    </ClInclude>
    <ClInclude Include="..\..\GameMaster.h">
      <Filter>Header Files</Filter>
    </ClInclude>
    <ClInclude Include="..\..\NavigableGrid.h">
      <Filter>Header Files</Filter>
    </ClInclude>
    <ClInclude Include="..\..\OrdinalPosition.h">
      <Filter>Header Files</Filter>
    </ClInclude>
    <ClInclude Include="..\..\Player.h">
      <Filter>Header Files</Filter>
    </ClInclude>
    <ClInclude Include="..\..\Point2D.h">
      <Filter>Header Files</Filter>
    </ClInclude>
    <ClInclude Include="..\..\Tile.h">
      <Filter>Header Files</Filter>
    </ClInclude>
    <ClInclude Include="..\..\Unit.h">
      <Filter>Header Files</Filter>
    </ClInclude>
    <ClInclude Include="..\..\UnitClassTypes.h">
      <Filter>Header Files</Filter>
    </ClInclude>
    <ClInclude Include="..\..\sdl\AnimatedImage.h">
      <Filter>Header Files\SDL</Filter>
    </ClInclude>
    <ClInclude Include="..\..\sdl\AnimatedImageFactory.h">
      <Filter>Header Files\SDL</Filter>
    </ClInclude>
    <ClInclude Include="..\..\sdl\AnimatedUnit.h">
      <Filter>Header Files\SDL</Filter>
    </ClInclude>
    <ClInclude Include="..\..\sdl\AnimatedUnitFactory.h">
      <Filter>Header Files\SDL</Filter>
    </ClInclude>
    <ClInclude Include="..\..\sdl\ImageCache.h">
      <Filter>Header Files\SDL</Filter>
    </ClInclude>
    <ClInclude Include="..\..\sdl\RenderSDL.h">
      <Filter>Header Files\SDL</Filter>
    </ClInclude>
    <ClInclude Include="..\..\sdl\SDLHost.h">
      <Filter>Header Files\SDL</Filter>
    </ClInclude>
    <ClInclude Include="..\..\Tools.h">
      <Filter>Header Files</Filter>
    </ClInclude>
  </ItemGroup>
  <ItemGroup>
    <ClCompile Include="..\..\Army.cpp">
      <Filter>Source Files</Filter>
    </ClCompile>
    <ClCompile Include="..\..\ArmyFactory.cpp">
      <Filter>Source Files</Filter>
    </ClCompile>
    <ClCompile Include="..\..\BattleMap.cpp">
      <Filter>Source Files</Filter>
    </ClCompile>
    <ClCompile Include="..\..\Faction.cpp">
      <Filter>Source Files</Filter>
    </ClCompile>
    <ClCompile Include="..\..\GameMaster.cpp">
      <Filter>Source Files</Filter>
    </ClCompile>
    <ClCompile Include="..\..\main.cpp">
      <Filter>Source Files</Filter>
    </ClCompile>
    <ClCompile Include="..\..\NavigableGrid.cpp">
      <Filter>Source Files</Filter>
    </ClCompile>
    <ClCompile Include="..\..\Player.cpp">
      <Filter>Source Files</Filter>
    </ClCompile>
    <ClCompile Include="..\..\Point2D.cpp">
      <Filter>Source Files</Filter>
    </ClCompile>
    <ClCompile Include="..\..\Tile.cpp">
      <Filter>Source Files</Filter>
    </ClCompile>
    <ClCompile Include="..\..\Unit.cpp">
      <Filter>Source Files</Filter>
    </ClCompile>
    <ClCompile Include="..\..\sdl\AnimatedImage.cpp">
      <Filter>Source Files\SDL</Filter>
    </ClCompile>
    <ClCompile Include="..\..\sdl\AnimatedImageFactory.cpp">
      <Filter>Source Files\SDL</Filter>
    </ClCompile>
    <ClCompile Include="..\..\sdl\AnimatedUnit.cpp">
      <Filter>Source Files\SDL</Filter>
    </ClCompile>
    <ClCompile Include="..\..\sdl\AnimatedUnitFactory.cpp">
      <Filter>Source Files\SDL</Filter>
    </ClCompile>
    <ClCompile Include="..\..\sdl\ImageCache.cpp">
      <Filter>Source Files\SDL</Filter>
    </ClCompile>
    <ClCompile Include="..\..\sdl\RenderSDL.cpp">
      <Filter>Source Files\SDL</Filter>
    </ClCompile>
    <ClCompile Include="..\..\sdl\SDLHost.cpp">
      <Filter>Source Files\SDL</Filter>
    </ClCompile>
  </ItemGroup>
  <ItemGroup>
    <Text Include="..\..\might.txt" />
    <Text Include="..\..\plan.txt" />
  </ItemGroup>
</Project>